
Microsoft Visual Studio Solution File, Format Version 12.00
# Visual Studio Version 16
VisualStudioVersion = 16.0.30717.126
MinimumVisualStudioVersion = 10.0.40219.1
Project("{FAE04EC0-301F-11D3-BF4B-00C04F79EFBC}") = "LocalGovtReporter", "LocalGovtReporter\LocalGovtReporter.csproj", "{960DE94E-48AE-4107-9ACC-354294390EF2}"
EndProject
Global
	GlobalSection(SolutionConfigurationPlatforms) = preSolution
		Debug|Any CPU = Debug|Any CPU
		Release|Any CPU = Release|Any CPU
	EndGlobalSection
	GlobalSection(ProjectConfigurationPlatforms) = postSolution
		{960DE94E-48AE-4107-9ACC-354294390EF2}.Debug|Any CPU.ActiveCfg = Debug|Any CPU
		{960DE94E-48AE-4107-9ACC-354294390EF2}.Debug|Any CPU.Build.0 = Debug|Any CPU
		{960DE94E-48AE-4107-9ACC-354294390EF2}.Release|Any CPU.ActiveCfg = Release|Any CPU
		{960DE94E-48AE-4107-9ACC-354294390EF2}.Release|Any CPU.Build.0 = Release|Any CPU
	EndGlobalSection
	GlobalSection(SolutionProperties) = preSolution
		HideSolutionNode = FALSE
	EndGlobalSection
	GlobalSection(ExtensibilityGlobals) = postSolution
		SolutionGuid = {1C979461-8442-40CA-A7EB-C9AF5BABF7AD}
	EndGlobalSection
EndGlobal
